// !$*UTF8*$!
{
	archiveVersion = 1;
	classes = {
	};
	objectVersion = 56;
	objects = {

/* Begin PBXBuildFile section */
		3A3AE8832C7482660013832D /* StyleHelper.swift in Sources */ = {isa = PBXBuildFile; fileRef = 3A3AE8822C7482660013832D /* StyleHelper.swift */; };
		3A963EEF2C5A5CAE0034B61D /* FilmCollectionViewHeader.xib in Resources */ = {isa = PBXBuildFile; fileRef = 3A963EEE2C5A5CAE0034B61D /* FilmCollectionViewHeader.xib */; };
		3A963EF12C5A5E950034B61D /* FilmCollectionViewHeader.swift in Sources */ = {isa = PBXBuildFile; fileRef = 3A963EF02C5A5E950034B61D /* FilmCollectionViewHeader.swift */; };
		3AA794282C59DDF500C90A89 /* FilmCollectionViewVC.swift in Sources */ = {isa = PBXBuildFile; fileRef = 3AA794272C59DDF500C90A89 /* FilmCollectionViewVC.swift */; };
		3AA7942B2C59DF4000C90A89 /* FilmCollectionCell.xib in Resources */ = {isa = PBXBuildFile; fileRef = 3AA7942A2C59DF4000C90A89 /* FilmCollectionCell.xib */; };
		3AA7942C2C59DF4000C90A89 /* FilmCollectionCell.swift in Sources */ = {isa = PBXBuildFile; fileRef = 3AA794292C59DF4000C90A89 /* FilmCollectionCell.swift */; };
		3AA7942E2C59E1B800C90A89 /* FetchFilmImageUseCase.swift in Sources */ = {isa = PBXBuildFile; fileRef = 3AA7942D2C59E1B800C90A89 /* FetchFilmImageUseCase.swift */; };
		3AA81B3C2C74C85F00530DC0 /* FilmDetailVC.swift in Sources */ = {isa = PBXBuildFile; fileRef = 3AA81B3B2C74C85F00530DC0 /* FilmDetailVC.swift */; };
		3ADC93D32C520A6C005D102D /* AppDelegate.swift in Sources */ = {isa = PBXBuildFile; fileRef = 3ADC93D22C520A6C005D102D /* AppDelegate.swift */; };
		3ADC93D52C520A6C005D102D /* SceneDelegate.swift in Sources */ = {isa = PBXBuildFile; fileRef = 3ADC93D42C520A6C005D102D /* SceneDelegate.swift */; };
		3ADC93DA2C520A6C005D102D /* Base in Resources */ = {isa = PBXBuildFile; fileRef = 3ADC93D92C520A6C005D102D /* Base */; };
		3ADC93DC2C520A6F005D102D /* Assets.xcassets in Resources */ = {isa = PBXBuildFile; fileRef = 3ADC93DB2C520A6F005D102D /* Assets.xcassets */; };
		3ADC93DF2C520A6F005D102D /* Base in Resources */ = {isa = PBXBuildFile; fileRef = 3ADC93DE2C520A6F005D102D /* Base */; };
		3ADC93E72C520B47005D102D /* config.plist in Resources */ = {isa = PBXBuildFile; fileRef = 3ADC93E62C520B47005D102D /* config.plist */; };
		3ADC93F02C520C84005D102D /* Datasource.swift in Sources */ = {isa = PBXBuildFile; fileRef = 3ADC93EF2C520C84005D102D /* Datasource.swift */; };
		3ADC93F82C521301005D102D /* BlockBusterTests.swift in Sources */ = {isa = PBXBuildFile; fileRef = 3ADC93F72C521301005D102D /* BlockBusterTests.swift */; };
		3ADC93FF2C521636005D102D /* FilmDataModel.swift in Sources */ = {isa = PBXBuildFile; fileRef = 3ADC93FE2C521636005D102D /* FilmDataModel.swift */; };
		3ADC94012C521951005D102D /* FilmModel.swift in Sources */ = {isa = PBXBuildFile; fileRef = 3ADC94002C521951005D102D /* FilmModel.swift */; };
		3ADC94032C521A48005D102D /* FilmModelMapper.swift in Sources */ = {isa = PBXBuildFile; fileRef = 3ADC94022C521A48005D102D /* FilmModelMapper.swift */; };
		3ADC94052C521B4A005D102D /* FilmIntegrationTest.swift in Sources */ = {isa = PBXBuildFile; fileRef = 3ADC94042C521B4A005D102D /* FilmIntegrationTest.swift */; };
		3ADC94072C521CBE005D102D /* GetFilmUseCase.swift in Sources */ = {isa = PBXBuildFile; fileRef = 3ADC94062C521CBE005D102D /* GetFilmUseCase.swift */; };
		3ADC94092C521F7B005D102D /* FetchPopularFilmsUseCase.swift in Sources */ = {isa = PBXBuildFile; fileRef = 3ADC94082C521F7B005D102D /* FetchPopularFilmsUseCase.swift */; };
		3ADC940B2C5223E6005D102D /* FilmTableViewVC.swift in Sources */ = {isa = PBXBuildFile; fileRef = 3ADC940A2C5223E6005D102D /* FilmTableViewVC.swift */; };
		3ADC94112C522E28005D102D /* Mocks.swift in Sources */ = {isa = PBXBuildFile; fileRef = 3ADC94102C522E28005D102D /* Mocks.swift */; };
		3ADC94132C523415005D102D /* FilmModelTest.swift in Sources */ = {isa = PBXBuildFile; fileRef = 3ADC94122C523415005D102D /* FilmModelTest.swift */; };
		3ADC94152C52364F005D102D /* FilmDataModelTests.swift in Sources */ = {isa = PBXBuildFile; fileRef = 3ADC94142C52364F005D102D /* FilmDataModelTests.swift */; };
		3ADC94172C523E68005D102D /* FilmResultModelTests.swift in Sources */ = {isa = PBXBuildFile; fileRef = 3ADC94162C523E68005D102D /* FilmResultModelTests.swift */; };
		3ADC941A2C523FDB005D102D /* FilmModelMapperTests.swift in Sources */ = {isa = PBXBuildFile; fileRef = 3ADC94192C523FDB005D102D /* FilmModelMapperTests.swift */; };
		3ADC941E2C52450F005D102D /* FilmCell.swift in Sources */ = {isa = PBXBuildFile; fileRef = 3ADC941C2C52450F005D102D /* FilmCell.swift */; };
		3ADC941F2C52450F005D102D /* FilmCell.xib in Resources */ = {isa = PBXBuildFile; fileRef = 3ADC941D2C52450F005D102D /* FilmCell.xib */; };
		3ADC94232C526CEB005D102D /* FilmSearchVC.swift in Sources */ = {isa = PBXBuildFile; fileRef = 3ADC94222C526CEB005D102D /* FilmSearchVC.swift */; };
		3ADC94252C5271AF005D102D /* FilmMain.swift in Sources */ = {isa = PBXBuildFile; fileRef = 3ADC94242C5271AF005D102D /* FilmMain.swift */; };
		3AEA1FE92C7607A4001D6E68 /* Localizable.strings in Resources */ = {isa = PBXBuildFile; fileRef = 3AEA1FE72C7607A4001D6E68 /* Localizable.strings */; };
		3AEA1FEC2C7607EA001D6E68 /* Extensions.swift in Sources */ = {isa = PBXBuildFile; fileRef = 3AEA1FEB2C7607EA001D6E68 /* Extensions.swift */; };
/* End PBXBuildFile section */

/* Begin PBXContainerItemProxy section */
		3ADC93F92C521301005D102D /* PBXContainerItemProxy */ = {
			isa = PBXContainerItemProxy;
			containerPortal = 3ADC93C72C520A6C005D102D /* Project object */;
			proxyType = 1;
			remoteGlobalIDString = 3ADC93CE2C520A6C005D102D;
			remoteInfo = BlockBuster;
		};
/* End PBXContainerItemProxy section */

/* Begin PBXFileReference section */
		3A3AE8822C7482660013832D /* StyleHelper.swift */ = {isa = PBXFileReference; lastKnownFileType = sourcecode.swift; path = StyleHelper.swift; sourceTree = "<group>"; };
		3A963EEE2C5A5CAE0034B61D /* FilmCollectionViewHeader.xib */ = {isa = PBXFileReference; lastKnownFileType = file.xib; path = FilmCollectionViewHeader.xib; sourceTree = "<group>"; };
		3A963EF02C5A5E950034B61D /* FilmCollectionViewHeader.swift */ = {isa = PBXFileReference; lastKnownFileType = sourcecode.swift; path = FilmCollectionViewHeader.swift; sourceTree = "<group>"; };
		3AA794272C59DDF500C90A89 /* FilmCollectionViewVC.swift */ = {isa = PBXFileReference; lastKnownFileType = sourcecode.swift; path = FilmCollectionViewVC.swift; sourceTree = "<group>"; };
		3AA794292C59DF4000C90A89 /* FilmCollectionCell.swift */ = {isa = PBXFileReference; lastKnownFileType = sourcecode.swift; path = FilmCollectionCell.swift; sourceTree = "<group>"; };
		3AA7942A2C59DF4000C90A89 /* FilmCollectionCell.xib */ = {isa = PBXFileReference; lastKnownFileType = file.xib; path = FilmCollectionCell.xib; sourceTree = "<group>"; };
		3AA7942D2C59E1B800C90A89 /* FetchFilmImageUseCase.swift */ = {isa = PBXFileReference; lastKnownFileType = sourcecode.swift; path = FetchFilmImageUseCase.swift; sourceTree = "<group>"; };
		3AA81B3B2C74C85F00530DC0 /* FilmDetailVC.swift */ = {isa = PBXFileReference; lastKnownFileType = sourcecode.swift; path = FilmDetailVC.swift; sourceTree = "<group>"; };
		3ADC93CF2C520A6C005D102D /* BlockBuster.app */ = {isa = PBXFileReference; explicitFileType = wrapper.application; includeInIndex = 0; path = BlockBuster.app; sourceTree = BUILT_PRODUCTS_DIR; };
		3ADC93D22C520A6C005D102D /* AppDelegate.swift */ = {isa = PBXFileReference; lastKnownFileType = sourcecode.swift; path = AppDelegate.swift; sourceTree = "<group>"; };
		3ADC93D42C520A6C005D102D /* SceneDelegate.swift */ = {isa = PBXFileReference; lastKnownFileType = sourcecode.swift; path = SceneDelegate.swift; sourceTree = "<group>"; };
		3ADC93D92C520A6C005D102D /* Base */ = {isa = PBXFileReference; lastKnownFileType = file.storyboard; name = Base; path = Base.lproj/Main.storyboard; sourceTree = "<group>"; };
		3ADC93DB2C520A6F005D102D /* Assets.xcassets */ = {isa = PBXFileReference; lastKnownFileType = folder.assetcatalog; path = Assets.xcassets; sourceTree = "<group>"; };
		3ADC93DE2C520A6F005D102D /* Base */ = {isa = PBXFileReference; lastKnownFileType = file.storyboard; name = Base; path = Base.lproj/LaunchScreen.storyboard; sourceTree = "<group>"; };
		3ADC93E02C520A6F005D102D /* Info.plist */ = {isa = PBXFileReference; lastKnownFileType = text.plist.xml; path = Info.plist; sourceTree = "<group>"; };
		3ADC93E62C520B47005D102D /* config.plist */ = {isa = PBXFileReference; lastKnownFileType = text.plist.xml; path = config.plist; sourceTree = "<group>"; };
		3ADC93EF2C520C84005D102D /* Datasource.swift */ = {isa = PBXFileReference; lastKnownFileType = sourcecode.swift; path = Datasource.swift; sourceTree = "<group>"; };
		3ADC93F52C521301005D102D /* BlockBusterTests.xctest */ = {isa = PBXFileReference; explicitFileType = wrapper.cfbundle; includeInIndex = 0; path = BlockBusterTests.xctest; sourceTree = BUILT_PRODUCTS_DIR; };
		3ADC93F72C521301005D102D /* BlockBusterTests.swift */ = {isa = PBXFileReference; lastKnownFileType = sourcecode.swift; path = BlockBusterTests.swift; sourceTree = "<group>"; };
		3ADC93FE2C521636005D102D /* FilmDataModel.swift */ = {isa = PBXFileReference; lastKnownFileType = sourcecode.swift; path = FilmDataModel.swift; sourceTree = "<group>"; };
		3ADC94002C521951005D102D /* FilmModel.swift */ = {isa = PBXFileReference; lastKnownFileType = sourcecode.swift; path = FilmModel.swift; sourceTree = "<group>"; };
		3ADC94022C521A48005D102D /* FilmModelMapper.swift */ = {isa = PBXFileReference; lastKnownFileType = sourcecode.swift; path = FilmModelMapper.swift; sourceTree = "<group>"; };
		3ADC94042C521B4A005D102D /* FilmIntegrationTest.swift */ = {isa = PBXFileReference; lastKnownFileType = sourcecode.swift; path = FilmIntegrationTest.swift; sourceTree = "<group>"; };
		3ADC94062C521CBE005D102D /* GetFilmUseCase.swift */ = {isa = PBXFileReference; lastKnownFileType = sourcecode.swift; path = GetFilmUseCase.swift; sourceTree = "<group>"; };
		3ADC94082C521F7B005D102D /* FetchPopularFilmsUseCase.swift */ = {isa = PBXFileReference; lastKnownFileType = sourcecode.swift; path = FetchPopularFilmsUseCase.swift; sourceTree = "<group>"; };
		3ADC940A2C5223E6005D102D /* FilmTableViewVC.swift */ = {isa = PBXFileReference; lastKnownFileType = sourcecode.swift; path = FilmTableViewVC.swift; sourceTree = "<group>"; };
		3ADC94102C522E28005D102D /* Mocks.swift */ = {isa = PBXFileReference; lastKnownFileType = sourcecode.swift; path = Mocks.swift; sourceTree = "<group>"; };
		3ADC94122C523415005D102D /* FilmModelTest.swift */ = {isa = PBXFileReference; lastKnownFileType = sourcecode.swift; path = FilmModelTest.swift; sourceTree = "<group>"; };
		3ADC94142C52364F005D102D /* FilmDataModelTests.swift */ = {isa = PBXFileReference; lastKnownFileType = sourcecode.swift; path = FilmDataModelTests.swift; sourceTree = "<group>"; };
		3ADC94162C523E68005D102D /* FilmResultModelTests.swift */ = {isa = PBXFileReference; lastKnownFileType = sourcecode.swift; path = FilmResultModelTests.swift; sourceTree = "<group>"; };
		3ADC94192C523FDB005D102D /* FilmModelMapperTests.swift */ = {isa = PBXFileReference; lastKnownFileType = sourcecode.swift; path = FilmModelMapperTests.swift; sourceTree = "<group>"; };
		3ADC941C2C52450F005D102D /* FilmCell.swift */ = {isa = PBXFileReference; lastKnownFileType = sourcecode.swift; path = FilmCell.swift; sourceTree = "<group>"; };
		3ADC941D2C52450F005D102D /* FilmCell.xib */ = {isa = PBXFileReference; lastKnownFileType = file.xib; path = FilmCell.xib; sourceTree = "<group>"; };
		3ADC94222C526CEB005D102D /* FilmSearchVC.swift */ = {isa = PBXFileReference; lastKnownFileType = sourcecode.swift; path = FilmSearchVC.swift; sourceTree = "<group>"; };
		3ADC94242C5271AF005D102D /* FilmMain.swift */ = {isa = PBXFileReference; lastKnownFileType = sourcecode.swift; path = FilmMain.swift; sourceTree = "<group>"; };
		3AEA1FE82C7607A4001D6E68 /* en */ = {isa = PBXFileReference; lastKnownFileType = text.plist.strings; name = en; path = en.lproj/Localizable.strings; sourceTree = "<group>"; };
		3AEA1FEA2C7607D5001D6E68 /* es */ = {isa = PBXFileReference; lastKnownFileType = text.plist.strings; name = es; path = es.lproj/Localizable.strings; sourceTree = "<group>"; };
		3AEA1FEB2C7607EA001D6E68 /* Extensions.swift */ = {isa = PBXFileReference; lastKnownFileType = sourcecode.swift; path = Extensions.swift; sourceTree = "<group>"; };
/* End PBXFileReference section */

/* Begin PBXFrameworksBuildPhase section */
		3ADC93CC2C520A6C005D102D /* Frameworks */ = {
			isa = PBXFrameworksBuildPhase;
			buildActionMask = 2147483647;
			files = (
			);
			runOnlyForDeploymentPostprocessing = 0;
		};
		3ADC93F22C521301005D102D /* Frameworks */ = {
			isa = PBXFrameworksBuildPhase;
			buildActionMask = 2147483647;
			files = (
			);
			runOnlyForDeploymentPostprocessing = 0;
		};
/* End PBXFrameworksBuildPhase section */

/* Begin PBXGroup section */
		3A963EE62C5A5B860034B61D /* FilmCollectionView */ = {
			isa = PBXGroup;
			children = (
				3AA794272C59DDF500C90A89 /* FilmCollectionViewVC.swift */,
				3A963EEB2C5A5C790034B61D /* Header */,
				3A963EE72C5A5B920034B61D /* FilmCollectionViewCell */,
			);
			path = FilmCollectionView;
			sourceTree = "<group>";
		};
		3A963EE72C5A5B920034B61D /* FilmCollectionViewCell */ = {
			isa = PBXGroup;
			children = (
				3AA794292C59DF4000C90A89 /* FilmCollectionCell.swift */,
				3AA7942A2C59DF4000C90A89 /* FilmCollectionCell.xib */,
			);
			path = FilmCollectionViewCell;
			sourceTree = "<group>";
		};
		3A963EE82C5A5BA00034B61D /* FilmTableView */ = {
			isa = PBXGroup;
			children = (
				3ADC940A2C5223E6005D102D /* FilmTableViewVC.swift */,
				3ADC941B2C5244EB005D102D /* FilmCell */,
			);
			path = FilmTableView;
			sourceTree = "<group>";
		};
		3A963EEB2C5A5C790034B61D /* Header */ = {
			isa = PBXGroup;
			children = (
				3A963EEE2C5A5CAE0034B61D /* FilmCollectionViewHeader.xib */,
				3A963EF02C5A5E950034B61D /* FilmCollectionViewHeader.swift */,
			);
			path = Header;
			sourceTree = "<group>";
		};
		3ADC93C62C520A6C005D102D = {
			isa = PBXGroup;
			children = (
				3ADC93D12C520A6C005D102D /* BlockBuster */,
				3ADC93F62C521301005D102D /* BlockBusterTests */,
				3ADC93D02C520A6C005D102D /* Products */,
			);
			sourceTree = "<group>";
		};
		3ADC93D02C520A6C005D102D /* Products */ = {
			isa = PBXGroup;
			children = (
				3ADC93CF2C520A6C005D102D /* BlockBuster.app */,
				3ADC93F52C521301005D102D /* BlockBusterTests.xctest */,
			);
			name = Products;
			sourceTree = "<group>";
		};
		3ADC93D12C520A6C005D102D /* BlockBuster */ = {
			isa = PBXGroup;
			children = (
				3ADC93D22C520A6C005D102D /* AppDelegate.swift */,
				3AEA1FEB2C7607EA001D6E68 /* Extensions.swift */,
				3ADC93D42C520A6C005D102D /* SceneDelegate.swift */,
				3ADC93ED2C520C46005D102D /* Datasource */,
				3ADC93EC2C520C3E005D102D /* UseCase */,
				3ADC93E82C520C1A005D102D /* Controller */,
				3ADC93E92C520C24005D102D /* View */,
				3ADC93EA2C520C2A005D102D /* Model */,
				3ADC93EE2C520C65005D102D /* Resource */,
				3ADC93E02C520A6F005D102D /* Info.plist */,
				3ADC93E62C520B47005D102D /* config.plist */,
				3AEA1FE72C7607A4001D6E68 /* Localizable.strings */,
			);
			path = BlockBuster;
			sourceTree = "<group>";
		};
		3ADC93E82C520C1A005D102D /* Controller */ = {
			isa = PBXGroup;
			children = (
				3A963EE82C5A5BA00034B61D /* FilmTableView */,
				3A963EE62C5A5B860034B61D /* FilmCollectionView */,
				3ADC94222C526CEB005D102D /* FilmSearchVC.swift */,
				3ADC94242C5271AF005D102D /* FilmMain.swift */,
				3AA81B3B2C74C85F00530DC0 /* FilmDetailVC.swift */,
			);
			path = Controller;
			sourceTree = "<group>";
		};
		3ADC93E92C520C24005D102D /* View */ = {
			isa = PBXGroup;
			children = (
				3ADC93DD2C520A6F005D102D /* LaunchScreen.storyboard */,
				3ADC93D82C520A6C005D102D /* Main.storyboard */,
			);
			path = View;
			sourceTree = "<group>";
		};
		3ADC93EA2C520C2A005D102D /* Model */ = {
			isa = PBXGroup;
			children = (
				3ADC93FE2C521636005D102D /* FilmDataModel.swift */,
				3ADC94022C521A48005D102D /* FilmModelMapper.swift */,
				3ADC94002C521951005D102D /* FilmModel.swift */,
			);
			path = Model;
			sourceTree = "<group>";
		};
		3ADC93EC2C520C3E005D102D /* UseCase */ = {
			isa = PBXGroup;
			children = (
				3ADC94062C521CBE005D102D /* GetFilmUseCase.swift */,
				3ADC94082C521F7B005D102D /* FetchPopularFilmsUseCase.swift */,
				3AA7942D2C59E1B800C90A89 /* FetchFilmImageUseCase.swift */,
			);
			path = UseCase;
			sourceTree = "<group>";
		};
		3ADC93ED2C520C46005D102D /* Datasource */ = {
			isa = PBXGroup;
			children = (
				3ADC93EF2C520C84005D102D /* Datasource.swift */,
			);
			path = Datasource;
			sourceTree = "<group>";
		};
		3ADC93EE2C520C65005D102D /* Resource */ = {
			isa = PBXGroup;
			children = (
				3A3AE8822C7482660013832D /* StyleHelper.swift */,
				3ADC93DB2C520A6F005D102D /* Assets.xcassets */,
			);
			path = Resource;
			sourceTree = "<group>";
		};
		3ADC93F62C521301005D102D /* BlockBusterTests */ = {
			isa = PBXGroup;
			children = (
				3ADC940F2C522E1E005D102D /* Mocks */,
				3ADC940D2C522E0C005D102D /* UnitTest */,
				3ADC940C2C522E04005D102D /* IntegrationTest */,
			);
			path = BlockBusterTests;
			sourceTree = "<group>";
		};
		3ADC940C2C522E04005D102D /* IntegrationTest */ = {
			isa = PBXGroup;
			children = (
				3ADC94042C521B4A005D102D /* FilmIntegrationTest.swift */,
			);
			path = IntegrationTest;
			sourceTree = "<group>";
		};
		3ADC940D2C522E0C005D102D /* UnitTest */ = {
			isa = PBXGroup;
			children = (
				3ADC93F72C521301005D102D /* BlockBusterTests.swift */,
				3ADC94192C523FDB005D102D /* FilmModelMapperTests.swift */,
				3ADC94182C523E94005D102D /* ModelTest */,
			);
			path = UnitTest;
			sourceTree = "<group>";
		};
		3ADC940F2C522E1E005D102D /* Mocks */ = {
			isa = PBXGroup;
			children = (
				3ADC94102C522E28005D102D /* Mocks.swift */,
			);
			path = Mocks;
			sourceTree = "<group>";
		};
		3ADC94182C523E94005D102D /* ModelTest */ = {
			isa = PBXGroup;
			children = (
				3ADC94122C523415005D102D /* FilmModelTest.swift */,
				3ADC94162C523E68005D102D /* FilmResultModelTests.swift */,
				3ADC94142C52364F005D102D /* FilmDataModelTests.swift */,
			);
			path = ModelTest;
			sourceTree = "<group>";
		};
		3ADC941B2C5244EB005D102D /* FilmCell */ = {
			isa = PBXGroup;
			children = (
				3ADC941C2C52450F005D102D /* FilmCell.swift */,
				3ADC941D2C52450F005D102D /* FilmCell.xib */,
			);
			path = FilmCell;
			sourceTree = "<group>";
		};
/* End PBXGroup section */

/* Begin PBXNativeTarget section */
		3ADC93CE2C520A6C005D102D /* BlockBuster */ = {
			isa = PBXNativeTarget;
			buildConfigurationList = 3ADC93E32C520A6F005D102D /* Build configuration list for PBXNativeTarget "BlockBuster" */;
			buildPhases = (
				3ADC93CB2C520A6C005D102D /* Sources */,
				3ADC93CC2C520A6C005D102D /* Frameworks */,
				3ADC93CD2C520A6C005D102D /* Resources */,
			);
			buildRules = (
			);
			dependencies = (
			);
			name = BlockBuster;
			productName = BlockBuster;
			productReference = 3ADC93CF2C520A6C005D102D /* BlockBuster.app */;
			productType = "com.apple.product-type.application";
		};
		3ADC93F42C521301005D102D /* BlockBusterTests */ = {
			isa = PBXNativeTarget;
			buildConfigurationList = 3ADC93FB2C521301005D102D /* Build configuration list for PBXNativeTarget "BlockBusterTests" */;
			buildPhases = (
				3ADC93F12C521301005D102D /* Sources */,
				3ADC93F22C521301005D102D /* Frameworks */,
				3ADC93F32C521301005D102D /* Resources */,
			);
			buildRules = (
			);
			dependencies = (
				3ADC93FA2C521301005D102D /* PBXTargetDependency */,
			);
			name = BlockBusterTests;
			productName = BlockBusterTests;
			productReference = 3ADC93F52C521301005D102D /* BlockBusterTests.xctest */;
			productType = "com.apple.product-type.bundle.unit-test";
		};
/* End PBXNativeTarget section */

/* Begin PBXProject section */
		3ADC93C72C520A6C005D102D /* Project object */ = {
			isa = PBXProject;
			attributes = {
				BuildIndependentTargetsInParallel = 1;
				LastSwiftUpdateCheck = 1540;
				LastUpgradeCheck = 1540;
				TargetAttributes = {
					3ADC93CE2C520A6C005D102D = {
						CreatedOnToolsVersion = 15.4;
					};
					3ADC93F42C521301005D102D = {
						CreatedOnToolsVersion = 15.4;
						TestTargetID = 3ADC93CE2C520A6C005D102D;
					};
				};
			};
			buildConfigurationList = 3ADC93CA2C520A6C005D102D /* Build configuration list for PBXProject "BlockBuster" */;
			compatibilityVersion = "Xcode 14.0";
			developmentRegion = en;
			hasScannedForEncodings = 0;
			knownRegions = (
				en,
				Base,
				es,
			);
			mainGroup = 3ADC93C62C520A6C005D102D;
			productRefGroup = 3ADC93D02C520A6C005D102D /* Products */;
			projectDirPath = "";
			projectRoot = "";
			targets = (
				3ADC93CE2C520A6C005D102D /* BlockBuster */,
				3ADC93F42C521301005D102D /* BlockBusterTests */,
			);
		};
/* End PBXProject section */

/* Begin PBXResourcesBuildPhase section */
		3ADC93CD2C520A6C005D102D /* Resources */ = {
			isa = PBXResourcesBuildPhase;
			buildActionMask = 2147483647;
			files = (
				3ADC941F2C52450F005D102D /* FilmCell.xib in Resources */,
				3ADC93E72C520B47005D102D /* config.plist in Resources */,
				3A963EEF2C5A5CAE0034B61D /* FilmCollectionViewHeader.xib in Resources */,
				3ADC93DC2C520A6F005D102D /* Assets.xcassets in Resources */,
				3ADC93DF2C520A6F005D102D /* Base in Resources */,
				3AEA1FE92C7607A4001D6E68 /* Localizable.strings in Resources */,
				3ADC93DA2C520A6C005D102D /* Base in Resources */,
				3AA7942B2C59DF4000C90A89 /* FilmCollectionCell.xib in Resources */,
			);
			runOnlyForDeploymentPostprocessing = 0;
		};
		3ADC93F32C521301005D102D /* Resources */ = {
			isa = PBXResourcesBuildPhase;
			buildActionMask = 2147483647;
			files = (
			);
			runOnlyForDeploymentPostprocessing = 0;
		};
/* End PBXResourcesBuildPhase section */

/* Begin PBXSourcesBuildPhase section */
		3ADC93CB2C520A6C005D102D /* Sources */ = {
			isa = PBXSourcesBuildPhase;
			buildActionMask = 2147483647;
			files = (
				3ADC94072C521CBE005D102D /* GetFilmUseCase.swift in Sources */,
				3A3AE8832C7482660013832D /* StyleHelper.swift in Sources */,
				3A963EF12C5A5E950034B61D /* FilmCollectionViewHeader.swift in Sources */,
				3AA81B3C2C74C85F00530DC0 /* FilmDetailVC.swift in Sources */,
				3AA7942E2C59E1B800C90A89 /* FetchFilmImageUseCase.swift in Sources */,
				3ADC94032C521A48005D102D /* FilmModelMapper.swift in Sources */,
				3ADC94012C521951005D102D /* FilmModel.swift in Sources */,
				3AEA1FEC2C7607EA001D6E68 /* Extensions.swift in Sources */,
				3ADC93FF2C521636005D102D /* FilmDataModel.swift in Sources */,
				3ADC93D32C520A6C005D102D /* AppDelegate.swift in Sources */,
				3ADC940B2C5223E6005D102D /* FilmTableViewVC.swift in Sources */,
				3ADC94092C521F7B005D102D /* FetchPopularFilmsUseCase.swift in Sources */,
				3ADC94232C526CEB005D102D /* FilmSearchVC.swift in Sources */,
				3ADC93F02C520C84005D102D /* Datasource.swift in Sources */,
				3AA794282C59DDF500C90A89 /* FilmCollectionViewVC.swift in Sources */,
				3ADC94252C5271AF005D102D /* FilmMain.swift in Sources */,
				3AA7942C2C59DF4000C90A89 /* FilmCollectionCell.swift in Sources */,
				3ADC93D52C520A6C005D102D /* SceneDelegate.swift in Sources */,
				3ADC941E2C52450F005D102D /* FilmCell.swift in Sources */,
			);
			runOnlyForDeploymentPostprocessing = 0;
		};
		3ADC93F12C521301005D102D /* Sources */ = {
			isa = PBXSourcesBuildPhase;
			buildActionMask = 2147483647;
			files = (
				3ADC94172C523E68005D102D /* FilmResultModelTests.swift in Sources */,
				3ADC94052C521B4A005D102D /* FilmIntegrationTest.swift in Sources */,
				3ADC94152C52364F005D102D /* FilmDataModelTests.swift in Sources */,
				3ADC941A2C523FDB005D102D /* FilmModelMapperTests.swift in Sources */,
				3ADC93F82C521301005D102D /* BlockBusterTests.swift in Sources */,
				3ADC94112C522E28005D102D /* Mocks.swift in Sources */,
				3ADC94132C523415005D102D /* FilmModelTest.swift in Sources */,
			);
			runOnlyForDeploymentPostprocessing = 0;
		};
/* End PBXSourcesBuildPhase section */

/* Begin PBXTargetDependency section */
		3ADC93FA2C521301005D102D /* PBXTargetDependency */ = {
			isa = PBXTargetDependency;
			target = 3ADC93CE2C520A6C005D102D /* BlockBuster */;
			targetProxy = 3ADC93F92C521301005D102D /* PBXContainerItemProxy */;
		};
/* End PBXTargetDependency section */

/* Begin PBXVariantGroup section */
		3ADC93D82C520A6C005D102D /* Main.storyboard */ = {
			isa = PBXVariantGroup;
			children = (
				3ADC93D92C520A6C005D102D /* Base */,
			);
			name = Main.storyboard;
			sourceTree = "<group>";
		};
		3ADC93DD2C520A6F005D102D /* LaunchScreen.storyboard */ = {
			isa = PBXVariantGroup;
			children = (
				3ADC93DE2C520A6F005D102D /* Base */,
			);
			name = LaunchScreen.storyboard;
			sourceTree = "<group>";
		};
		3AEA1FE72C7607A4001D6E68 /* Localizable.strings */ = {
			isa = PBXVariantGroup;
			children = (
				3AEA1FE82C7607A4001D6E68 /* en */,
				3AEA1FEA2C7607D5001D6E68 /* es */,
			);
			name = Localizable.strings;
			sourceTree = "<group>";
		};
/* End PBXVariantGroup section */

/* Begin XCBuildConfiguration section */
		3ADC93E12C520A6F005D102D /* Debug */ = {
			isa = XCBuildConfiguration;
			buildSettings = {
				ALWAYS_SEARCH_USER_PATHS = NO;
				ASSETCATALOG_COMPILER_GENERATE_SWIFT_ASSET_SYMBOL_EXTENSIONS = YES;
				CLANG_ANALYZER_NONNULL = YES;
				CLANG_ANALYZER_NUMBER_OBJECT_CONVERSION = YES_AGGRESSIVE;
				CLANG_CXX_LANGUAGE_STANDARD = "gnu++20";
				CLANG_ENABLE_MODULES = YES;
				CLANG_ENABLE_OBJC_ARC = YES;
				CLANG_ENABLE_OBJC_WEAK = YES;
				CLANG_WARN_BLOCK_CAPTURE_AUTORELEASING = YES;
				CLANG_WARN_BOOL_CONVERSION = YES;
				CLANG_WARN_COMMA = YES;
				CLANG_WARN_CONSTANT_CONVERSION = YES;
				CLANG_WARN_DEPRECATED_OBJC_IMPLEMENTATIONS = YES;
				CLANG_WARN_DIRECT_OBJC_ISA_USAGE = YES_ERROR;
				CLANG_WARN_DOCUMENTATION_COMMENTS = YES;
				CLANG_WARN_EMPTY_BODY = YES;
				CLANG_WARN_ENUM_CONVERSION = YES;
				CLANG_WARN_INFINITE_RECURSION = YES;
				CLANG_WARN_INT_CONVERSION = YES;
				CLANG_WARN_NON_LITERAL_NULL_CONVERSION = YES;
				CLANG_WARN_OBJC_IMPLICIT_RETAIN_SELF = YES;
				CLANG_WARN_OBJC_LITERAL_CONVERSION = YES;
				CLANG_WARN_OBJC_ROOT_CLASS = YES_ERROR;
				CLANG_WARN_QUOTED_INCLUDE_IN_FRAMEWORK_HEADER = YES;
				CLANG_WARN_RANGE_LOOP_ANALYSIS = YES;
				CLANG_WARN_STRICT_PROTOTYPES = YES;
				CLANG_WARN_SUSPICIOUS_MOVE = YES;
				CLANG_WARN_UNGUARDED_AVAILABILITY = YES_AGGRESSIVE;
				CLANG_WARN_UNREACHABLE_CODE = YES;
				CLANG_WARN__DUPLICATE_METHOD_MATCH = YES;
				COPY_PHASE_STRIP = NO;
				DEBUG_INFORMATION_FORMAT = dwarf;
				ENABLE_STRICT_OBJC_MSGSEND = YES;
				ENABLE_TESTABILITY = YES;
				ENABLE_USER_SCRIPT_SANDBOXING = YES;
				GCC_C_LANGUAGE_STANDARD = gnu17;
				GCC_DYNAMIC_NO_PIC = NO;
				GCC_NO_COMMON_BLOCKS = YES;
				GCC_OPTIMIZATION_LEVEL = 0;
				GCC_PREPROCESSOR_DEFINITIONS = (
					"DEBUG=1",
					"$(inherited)",
				);
				GCC_WARN_64_TO_32_BIT_CONVERSION = YES;
				GCC_WARN_ABOUT_RETURN_TYPE = YES_ERROR;
				GCC_WARN_UNDECLARED_SELECTOR = YES;
				GCC_WARN_UNINITIALIZED_AUTOS = YES_AGGRESSIVE;
				GCC_WARN_UNUSED_FUNCTION = YES;
				GCC_WARN_UNUSED_VARIABLE = YES;
				IPHONEOS_DEPLOYMENT_TARGET = 17.5;
				LOCALIZATION_PREFERS_STRING_CATALOGS = YES;
				MTL_ENABLE_DEBUG_INFO = INCLUDE_SOURCE;
				MTL_FAST_MATH = YES;
				ONLY_ACTIVE_ARCH = YES;
				SDKROOT = iphoneos;
				SWIFT_ACTIVE_COMPILATION_CONDITIONS = "DEBUG $(inherited)";
				SWIFT_OPTIMIZATION_LEVEL = "-Onone";
			};
			name = Debug;
		};
		3ADC93E22C520A6F005D102D /* Release */ = {
			isa = XCBuildConfiguration;
			buildSettings = {
				ALWAYS_SEARCH_USER_PATHS = NO;
				ASSETCATALOG_COMPILER_GENERATE_SWIFT_ASSET_SYMBOL_EXTENSIONS = YES;
				CLANG_ANALYZER_NONNULL = YES;
				CLANG_ANALYZER_NUMBER_OBJECT_CONVERSION = YES_AGGRESSIVE;
				CLANG_CXX_LANGUAGE_STANDARD = "gnu++20";
				CLANG_ENABLE_MODULES = YES;
				CLANG_ENABLE_OBJC_ARC = YES;
				CLANG_ENABLE_OBJC_WEAK = YES;
				CLANG_WARN_BLOCK_CAPTURE_AUTORELEASING = YES;
				CLANG_WARN_BOOL_CONVERSION = YES;
				CLANG_WARN_COMMA = YES;
				CLANG_WARN_CONSTANT_CONVERSION = YES;
				CLANG_WARN_DEPRECATED_OBJC_IMPLEMENTATIONS = YES;
				CLANG_WARN_DIRECT_OBJC_ISA_USAGE = YES_ERROR;
				CLANG_WARN_DOCUMENTATION_COMMENTS = YES;
				CLANG_WARN_EMPTY_BODY = YES;
				CLANG_WARN_ENUM_CONVERSION = YES;
				CLANG_WARN_INFINITE_RECURSION = YES;
				CLANG_WARN_INT_CONVERSION = YES;
				CLANG_WARN_NON_LITERAL_NULL_CONVERSION = YES;
				CLANG_WARN_OBJC_IMPLICIT_RETAIN_SELF = YES;
				CLANG_WARN_OBJC_LITERAL_CONVERSION = YES;
				CLANG_WARN_OBJC_ROOT_CLASS = YES_ERROR;
				CLANG_WARN_QUOTED_INCLUDE_IN_FRAMEWORK_HEADER = YES;
				CLANG_WARN_RANGE_LOOP_ANALYSIS = YES;
				CLANG_WARN_STRICT_PROTOTYPES = YES;
				CLANG_WARN_SUSPICIOUS_MOVE = YES;
				CLANG_WARN_UNGUARDED_AVAILABILITY = YES_AGGRESSIVE;
				CLANG_WARN_UNREACHABLE_CODE = YES;
				CLANG_WARN__DUPLICATE_METHOD_MATCH = YES;
				COPY_PHASE_STRIP = NO;
				DEBUG_INFORMATION_FORMAT = "dwarf-with-dsym";
				ENABLE_NS_ASSERTIONS = NO;
				ENABLE_STRICT_OBJC_MSGSEND = YES;
				ENABLE_USER_SCRIPT_SANDBOXING = YES;
				GCC_C_LANGUAGE_STANDARD = gnu17;
				GCC_NO_COMMON_BLOCKS = YES;
				GCC_WARN_64_TO_32_BIT_CONVERSION = YES;
				GCC_WARN_ABOUT_RETURN_TYPE = YES_ERROR;
				GCC_WARN_UNDECLARED_SELECTOR = YES;
				GCC_WARN_UNINITIALIZED_AUTOS = YES_AGGRESSIVE;
				GCC_WARN_UNUSED_FUNCTION = YES;
				GCC_WARN_UNUSED_VARIABLE = YES;
				IPHONEOS_DEPLOYMENT_TARGET = 17.5;
				LOCALIZATION_PREFERS_STRING_CATALOGS = YES;
				MTL_ENABLE_DEBUG_INFO = NO;
				MTL_FAST_MATH = YES;
				SDKROOT = iphoneos;
				SWIFT_COMPILATION_MODE = wholemodule;
				VALIDATE_PRODUCT = YES;
			};
			name = Release;
		};
		3ADC93E42C520A6F005D102D /* Debug */ = {
			isa = XCBuildConfiguration;
			buildSettings = {
				ASSETCATALOG_COMPILER_APPICON_NAME = AppIcon;
				ASSETCATALOG_COMPILER_GLOBAL_ACCENT_COLOR_NAME = AccentColor;
				CODE_SIGN_STYLE = Automatic;
				CURRENT_PROJECT_VERSION = 1;
				DEVELOPMENT_TEAM = 6D7K8WYW6Q;
				GENERATE_INFOPLIST_FILE = YES;
				INFOPLIST_FILE = BlockBuster/Info.plist;
				INFOPLIST_KEY_UIApplicationSupportsIndirectInputEvents = YES;
				INFOPLIST_KEY_UILaunchStoryboardName = LaunchScreen;
				INFOPLIST_KEY_UIMainStoryboardFile = Main;
				INFOPLIST_KEY_UISupportedInterfaceOrientations_iPad = "UIInterfaceOrientationPortrait UIInterfaceOrientationPortraitUpsideDown UIInterfaceOrientationLandscapeLeft UIInterfaceOrientationLandscapeRight";
				INFOPLIST_KEY_UISupportedInterfaceOrientations_iPhone = "UIInterfaceOrientationPortrait UIInterfaceOrientationLandscapeLeft UIInterfaceOrientationLandscapeRight";
				LD_RUNPATH_SEARCH_PATHS = (
					"$(inherited)",
					"@executable_path/Frameworks",
				);
				MARKETING_VERSION = 1.0;
				PRODUCT_BUNDLE_IDENTIFIER = com.adrianaranda.BlockBuster;
				PRODUCT_NAME = "$(TARGET_NAME)";
				SWIFT_EMIT_LOC_STRINGS = YES;
				SWIFT_VERSION = 5.0;
				TARGETED_DEVICE_FAMILY = "1,2";
			};
			name = Debug;
		};
		3ADC93E52C520A6F005D102D /* Release */ = {
			isa = XCBuildConfiguration;
			buildSettings = {
				ASSETCATALOG_COMPILER_APPICON_NAME = AppIcon;
				ASSETCATALOG_COMPILER_GLOBAL_ACCENT_COLOR_NAME = AccentColor;
				CODE_SIGN_STYLE = Automatic;
				CURRENT_PROJECT_VERSION = 1;
				DEVELOPMENT_TEAM = 6D7K8WYW6Q;
				GENERATE_INFOPLIST_FILE = YES;
				INFOPLIST_FILE = BlockBuster/Info.plist;
				INFOPLIST_KEY_UIApplicationSupportsIndirectInputEvents = YES;
				INFOPLIST_KEY_UILaunchStoryboardName = LaunchScreen;
				INFOPLIST_KEY_UIMainStoryboardFile = Main;
				INFOPLIST_KEY_UISupportedInterfaceOrientations_iPad = "UIInterfaceOrientationPortrait UIInterfaceOrientationPortraitUpsideDown UIInterfaceOrientationLandscapeLeft UIInterfaceOrientationLandscapeRight";
				INFOPLIST_KEY_UISupportedInterfaceOrientations_iPhone = "UIInterfaceOrientationPortrait UIInterfaceOrientationLandscapeLeft UIInterfaceOrientationLandscapeRight";
				LD_RUNPATH_SEARCH_PATHS = (
					"$(inherited)",
					"@executable_path/Frameworks",
				);
				MARKETING_VERSION = 1.0;
				PRODUCT_BUNDLE_IDENTIFIER = com.adrianaranda.BlockBuster;
				PRODUCT_NAME = "$(TARGET_NAME)";
				SWIFT_EMIT_LOC_STRINGS = YES;
				SWIFT_VERSION = 5.0;
				TARGETED_DEVICE_FAMILY = "1,2";
			};
			name = Release;
		};
		3ADC93FC2C521301005D102D /* Debug */ = {
			isa = XCBuildConfiguration;
			buildSettings = {
				BUNDLE_LOADER = "$(TEST_HOST)";
				CODE_SIGN_STYLE = Automatic;
				CURRENT_PROJECT_VERSION = 1;
				DEVELOPMENT_TEAM = 6D7K8WYW6Q;
				GENERATE_INFOPLIST_FILE = YES;
				MARKETING_VERSION = 1.0;
				PRODUCT_BUNDLE_IDENTIFIER = com.adrianaranda.BlockBusterTests;
				PRODUCT_NAME = "$(TARGET_NAME)";
				SWIFT_EMIT_LOC_STRINGS = NO;
				SWIFT_VERSION = 5.0;
				TARGETED_DEVICE_FAMILY = "1,2";
				TEST_HOST = "$(BUILT_PRODUCTS_DIR)/BlockBuster.app/$(BUNDLE_EXECUTABLE_FOLDER_PATH)/BlockBuster";
			};
			name = Debug;
		};
		3ADC93FD2C521301005D102D /* Release */ = {
			isa = XCBuildConfiguration;
			buildSettings = {
				BUNDLE_LOADER = "$(TEST_HOST)";
				CODE_SIGN_STYLE = Automatic;
				CURRENT_PROJECT_VERSION = 1;
				DEVELOPMENT_TEAM = 6D7K8WYW6Q;
				GENERATE_INFOPLIST_FILE = YES;
				MARKETING_VERSION = 1.0;
				PRODUCT_BUNDLE_IDENTIFIER = com.adrianaranda.BlockBusterTests;
				PRODUCT_NAME = "$(TARGET_NAME)";
				SWIFT_EMIT_LOC_STRINGS = NO;
				SWIFT_VERSION = 5.0;
				TARGETED_DEVICE_FAMILY = "1,2";
				TEST_HOST = "$(BUILT_PRODUCTS_DIR)/BlockBuster.app/$(BUNDLE_EXECUTABLE_FOLDER_PATH)/BlockBuster";
			};
			name = Release;
		};
/* End XCBuildConfiguration section */

/* Begin XCConfigurationList section */
		3ADC93CA2C520A6C005D102D /* Build configuration list for PBXProject "BlockBuster" */ = {
			isa = XCConfigurationList;
			buildConfigurations = (
				3ADC93E12C520A6F005D102D /* Debug */,
				3ADC93E22C520A6F005D102D /* Release */,
			);
			defaultConfigurationIsVisible = 0;
			defaultConfigurationName = Release;
		};
		3ADC93E32C520A6F005D102D /* Build configuration list for PBXNativeTarget "BlockBuster" */ = {
			isa = XCConfigurationList;
			buildConfigurations = (
				3ADC93E42C520A6F005D102D /* Debug */,
				3ADC93E52C520A6F005D102D /* Release */,
			);
			defaultConfigurationIsVisible = 0;
			defaultConfigurationName = Release;
		};
		3ADC93FB2C521301005D102D /* Build configuration list for PBXNativeTarget "BlockBusterTests" */ = {
			isa = XCConfigurationList;
			buildConfigurations = (
				3ADC93FC2C521301005D102D /* Debug */,
				3ADC93FD2C521301005D102D /* Release */,
			);
			defaultConfigurationIsVisible = 0;
			defaultConfigurationName = Release;
		};
/* End XCConfigurationList section */
	};
	rootObject = 3ADC93C72C520A6C005D102D /* Project object */;
}
